
Microsoft Visual Studio Solution File, Format Version 12.00
# Visual Studio Version 17
VisualStudioVersion = 17.0.31903.59
MinimumVisualStudioVersion = 10.0.40219.1
Project("{9A19103F-16F7-4668-BE54-9A1E7A4F7556}") = "SQLServerCoverage", "SQLServerCoverage\SQLServerCoverage.csproj", "{2AB093C7-88AE-4F6B-940E-9AE6DBC4CC87}"
EndProject
Project("{9A19103F-16F7-4668-BE54-9A1E7A4F7556}") = "SQLServerCoverageLib", "SQLServerCoverageLib\SQLServerCoverageLib.csproj", "{C4EDA59B-7F6A-4F22-8D6F-9C4ACB02C2C4}"
EndProject
Project("{9A19103F-16F7-4668-BE54-9A1E7A4F7556}") = "SQLServerCoverageCore", "SQLServerCoverageCore\SQLServerCoverageCore.csproj", "{E8835A6A-D47B-4069-9587-03BCC17DE376}"
EndProject
Global
	GlobalSection(SolutionConfigurationPlatforms) = preSolution
		Debug|Any CPU = Debug|Any CPU
		Release|Any CPU = Release|Any CPU
	EndGlobalSection
	GlobalSection(ProjectConfigurationPlatforms) = postSolution
		{C4EDA59B-7F6A-4F22-8D6F-9C4ACB02C2C4}.Debug|Any CPU.ActiveCfg = Debug|Any CPU
		{C4EDA59B-7F6A-4F22-8D6F-9C4ACB02C2C4}.Debug|Any CPU.Build.0 = Debug|Any CPU
		{C4EDA59B-7F6A-4F22-8D6F-9C4ACB02C2C4}.Release|Any CPU.ActiveCfg = Release|Any CPU
		{C4EDA59B-7F6A-4F22-8D6F-9C4ACB02C2C4}.Release|Any CPU.Build.0 = Release|Any CPU
		{E8835A6A-D47B-4069-9587-03BCC17DE376}.Debug|Any CPU.ActiveCfg = Debug|Any CPU
		{E8835A6A-D47B-4069-9587-03BCC17DE376}.Debug|Any CPU.Build.0 = Debug|Any CPU
		{E8835A6A-D47B-4069-9587-03BCC17DE376}.Release|Any CPU.ActiveCfg = Release|Any CPU
		{E8835A6A-D47B-4069-9587-03BCC17DE376}.Release|Any CPU.Build.0 = Release|Any CPU
	EndGlobalSection
	GlobalSection(SolutionProperties) = preSolution
		HideSolutionNode = FALSE
	EndGlobalSection
	GlobalSection(ExtensibilityGlobals) = postSolution
		SolutionGuid = {D1461CF7-5245-4514-A725-C16C0FE24962}
	EndGlobalSection
EndGlobal
